
Microsoft Visual Studio Solution File, Format Version 12.00
# Visual Studio Version 17
VisualStudioVersion = 17.4.33122.133
MinimumVisualStudioVersion = 10.0.40219.1
Project("{FAE04EC0-301F-11D3-BF4B-00C04F79EFBC}") = "NetSixTest.Api", "NetSixTest.Api\NetSixTest.Api.csproj", "{B3559CF9-B83A-4D3A-B65D-21F595FE9C67}"
EndProject
Project("{FAE04EC0-301F-11D3-BF4B-00C04F79EFBC}") = "NetSixTest.Shared", "NetSixTest.Shared\NetSixTest.Shared.csproj", "{07B2A543-7B28-45BB-ADE9-5641A29191F1}"
EndProject
Project("{FAE04EC0-301F-11D3-BF4B-00C04F79EFBC}") = "NetSixTest.Data", "NetSixTest.Data\NetSixTest.Data.csproj", "{30A13DBA-EA48-4A9C-8CC2-75CE665E8A4F}"
EndProject
Project("{FAE04EC0-301F-11D3-BF4B-00C04F79EFBC}") = "NetSixTest.DataAccess", "NetSixTest.DataAccess\NetSixTest.DataAccess.csproj", "{C81F6EF0-F247-42A6-8E9C-4CCEFF77F2AF}"
EndProject
Project("{FAE04EC0-301F-11D3-BF4B-00C04F79EFBC}") = "NetSixTest.Services", "NetSixTest.Services\NetSixTest.Services.csproj", "{7417822F-D336-4760-AAA3-078D7B0F7D63}"
EndProject
Global
	GlobalSection(SolutionConfigurationPlatforms) = preSolution
		Debug|Any CPU = Debug|Any CPU
		Release|Any CPU = Release|Any CPU
	EndGlobalSection
	GlobalSection(ProjectConfigurationPlatforms) = postSolution
		{B3559CF9-B83A-4D3A-B65D-21F595FE9C67}.Debug|Any CPU.ActiveCfg = Debug|Any CPU
		{B3559CF9-B83A-4D3A-B65D-21F595FE9C67}.Debug|Any CPU.Build.0 = Debug|Any CPU
		{B3559CF9-B83A-4D3A-B65D-21F595FE9C67}.Release|Any CPU.ActiveCfg = Release|Any CPU
		{B3559CF9-B83A-4D3A-B65D-21F595FE9C67}.Release|Any CPU.Build.0 = Release|Any CPU
		{07B2A543-7B28-45BB-ADE9-5641A29191F1}.Debug|Any CPU.ActiveCfg = Debug|Any CPU
		{07B2A543-7B28-45BB-ADE9-5641A29191F1}.Debug|Any CPU.Build.0 = Debug|Any CPU
		{07B2A543-7B28-45BB-ADE9-5641A29191F1}.Release|Any CPU.ActiveCfg = Release|Any CPU
		{07B2A543-7B28-45BB-ADE9-5641A29191F1}.Release|Any CPU.Build.0 = Release|Any CPU
		{30A13DBA-EA48-4A9C-8CC2-75CE665E8A4F}.Debug|Any CPU.ActiveCfg = Debug|Any CPU
		{30A13DBA-EA48-4A9C-8CC2-75CE665E8A4F}.Debug|Any CPU.Build.0 = Debug|Any CPU
		{30A13DBA-EA48-4A9C-8CC2-75CE665E8A4F}.Release|Any CPU.ActiveCfg = Release|Any CPU
		{30A13DBA-EA48-4A9C-8CC2-75CE665E8A4F}.Release|Any CPU.Build.0 = Release|Any CPU
		{C81F6EF0-F247-42A6-8E9C-4CCEFF77F2AF}.Debug|Any CPU.ActiveCfg = Debug|Any CPU
		{C81F6EF0-F247-42A6-8E9C-4CCEFF77F2AF}.Debug|Any CPU.Build.0 = Debug|Any CPU
		{C81F6EF0-F247-42A6-8E9C-4CCEFF77F2AF}.Release|Any CPU.ActiveCfg = Release|Any CPU
		{C81F6EF0-F247-42A6-8E9C-4CCEFF77F2AF}.Release|Any CPU.Build.0 = Release|Any CPU
		{7417822F-D336-4760-AAA3-078D7B0F7D63}.Debug|Any CPU.ActiveCfg = Debug|Any CPU
		{7417822F-D336-4760-AAA3-078D7B0F7D63}.Debug|Any CPU.Build.0 = Debug|Any CPU
		{7417822F-D336-4760-AAA3-078D7B0F7D63}.Release|Any CPU.ActiveCfg = Release|Any CPU
		{7417822F-D336-4760-AAA3-078D7B0F7D63}.Release|Any CPU.Build.0 = Release|Any CPU
	EndGlobalSection
	GlobalSection(SolutionProperties) = preSolution
		HideSolutionNode = FALSE
	EndGlobalSection
	GlobalSection(ExtensibilityGlobals) = postSolution
		SolutionGuid = {D5A569EB-0876-482C-981D-2423DE303927}
	EndGlobalSection
EndGlobal
